
Microsoft Visual Studio Solution File, Format Version 12.00
# Visual Studio Version 17
VisualStudioVersion = 17.11.35222.181
MinimumVisualStudioVersion = 10.0.40219.1
Project("{9A19103F-16F7-4668-BE54-9A1E7A4F7556}") = "QuizVerse.Domain", "QuizVerse.Domain\QuizVerse.Domain.csproj", "{B590A1B6-D163-4807-B7D5-65E829FEF49B}"
EndProject
Project("{9A19103F-16F7-4668-BE54-9A1E7A4F7556}") = "QuizVerse.Application", "QuizVerse.Application\QuizVerse.Application.csproj", "{CBB3C801-8E0A-41BF-AE2A-01495A534329}"
EndProject
Project("{9A19103F-16F7-4668-BE54-9A1E7A4F7556}") = "QuizVerse.Infrastructure", "QuizVerse.Infrastructure\QuizVerse.Infrastructure.csproj", "{088041B7-5350-4519-BF10-A3A3103DAC7B}"
EndProject
Project("{9A19103F-16F7-4668-BE54-9A1E7A4F7556}") = "QuizVerse.UnitTests", "QuizVerse.UnitTests\QuizVerse.UnitTests.csproj", "{C07A79F3-FE69-4160-86B2-A43D70D2913A}"
EndProject
Project("{FAE04EC0-301F-11D3-BF4B-00C04F79EFBC}") = "QuizVerse.WebAPI", "QuizVerse.WebAPI\QuizVerse.WebAPI.csproj", "{C1BE1BF6-9DF6-488A-9B21-E8E12E817EBE}"
EndProject
Global
	GlobalSection(SolutionConfigurationPlatforms) = preSolution
		Debug|Any CPU = Debug|Any CPU
		Release|Any CPU = Release|Any CPU
	EndGlobalSection
	GlobalSection(ProjectConfigurationPlatforms) = postSolution
		{B590A1B6-D163-4807-B7D5-65E829FEF49B}.Debug|Any CPU.ActiveCfg = Debug|Any CPU
		{B590A1B6-D163-4807-B7D5-65E829FEF49B}.Debug|Any CPU.Build.0 = Debug|Any CPU
		{B590A1B6-D163-4807-B7D5-65E829FEF49B}.Release|Any CPU.ActiveCfg = Release|Any CPU
		{B590A1B6-D163-4807-B7D5-65E829FEF49B}.Release|Any CPU.Build.0 = Release|Any CPU
		{CBB3C801-8E0A-41BF-AE2A-01495A534329}.Debug|Any CPU.ActiveCfg = Debug|Any CPU
		{CBB3C801-8E0A-41BF-AE2A-01495A534329}.Debug|Any CPU.Build.0 = Debug|Any CPU
		{CBB3C801-8E0A-41BF-AE2A-01495A534329}.Release|Any CPU.ActiveCfg = Release|Any CPU
		{CBB3C801-8E0A-41BF-AE2A-01495A534329}.Release|Any CPU.Build.0 = Release|Any CPU
		{088041B7-5350-4519-BF10-A3A3103DAC7B}.Debug|Any CPU.ActiveCfg = Debug|Any CPU
		{088041B7-5350-4519-BF10-A3A3103DAC7B}.Debug|Any CPU.Build.0 = Debug|Any CPU
		{088041B7-5350-4519-BF10-A3A3103DAC7B}.Release|Any CPU.ActiveCfg = Release|Any CPU
		{088041B7-5350-4519-BF10-A3A3103DAC7B}.Release|Any CPU.Build.0 = Release|Any CPU
		{C07A79F3-FE69-4160-86B2-A43D70D2913A}.Debug|Any CPU.ActiveCfg = Debug|Any CPU
		{C07A79F3-FE69-4160-86B2-A43D70D2913A}.Debug|Any CPU.Build.0 = Debug|Any CPU
		{C07A79F3-FE69-4160-86B2-A43D70D2913A}.Release|Any CPU.ActiveCfg = Release|Any CPU
		{C07A79F3-FE69-4160-86B2-A43D70D2913A}.Release|Any CPU.Build.0 = Release|Any CPU
		{C1BE1BF6-9DF6-488A-9B21-E8E12E817EBE}.Debug|Any CPU.ActiveCfg = Debug|Any CPU
		{C1BE1BF6-9DF6-488A-9B21-E8E12E817EBE}.Debug|Any CPU.Build.0 = Debug|Any CPU
		{C1BE1BF6-9DF6-488A-9B21-E8E12E817EBE}.Release|Any CPU.ActiveCfg = Release|Any CPU
		{C1BE1BF6-9DF6-488A-9B21-E8E12E817EBE}.Release|Any CPU.Build.0 = Release|Any CPU
	EndGlobalSection
	GlobalSection(SolutionProperties) = preSolution
		HideSolutionNode = FALSE
	EndGlobalSection
	GlobalSection(ExtensibilityGlobals) = postSolution
		SolutionGuid = {74DA91A2-9E3B-4AE1-AA50-21B2955BA3F8}
	EndGlobalSection
EndGlobal
